Microsoft Visual Studio Solution File, Format Version 9.00
# Visual Studio 2005
Project("{8BC9CEB8-8B4A-11D0-8D11-00A0C91BC942}") = "v8_shell", "vcproj\v8_shell.vcproj", "{4F0B06B0-29A8-44A2-AD5F-4AAF02D15AD1}"
	ProjectSection(ProjectDependencies) = postProject
		{62329A0E-FCC2-47F0-AEEB-3DE8A88E4BEC} = {62329A0E-FCC2-47F0-AEEB-3DE8A88E4BEC}
		{64D1EA28-E2E6-417F-8962-9AA3DE64AAD1} = {64D1EA28-E2E6-417F-8962-9AA3DE64AAD1}
		{9C73A535-5B05-440F-8F33-D867164E75EF} = {9C73A535-5B05-440F-8F33-D867164E75EF}
	EndProjectSection
EndProject
Project("{2150E333-8FDC-42A3-9474-1A3956D46DE8}") = "dependencies", "dependencies", "{84C8D92F-B50C-4098-859B-64A0B502996E}"
EndProject
Project("{8BC9CEB8-8B4A-11D0-8D11-00A0C91BC942}") = "libjscre", "vcproj\libjscre.vcproj", "{9C73A535-5B05-440F-8F33-D867164E75EF}"
EndProject
Project("{8BC9CEB8-8B4A-11D0-8D11-00A0C91BC942}") = "mksnapshot", "vcproj\mksnapshot.vcproj", "{93BD488F-AE39-4C90-BCD4-B3CABB4FCDF2}"
	ProjectSection(ProjectDependencies) = postProject
		{75760F2A-F019-407A-BA6C-01E45BF2B738} = {75760F2A-F019-407A-BA6C-01E45BF2B738}
		{9C73A535-5B05-440F-8F33-D867164E75EF} = {9C73A535-5B05-440F-8F33-D867164E75EF}
	EndProjectSection
EndProject
Project("{8BC9CEB8-8B4A-11D0-8D11-00A0C91BC942}") = "snapshotv8", "vcproj\snapshotv8.vcproj", "{64D1EA28-E2E6-417F-8962-9AA3DE64AAD1}"
	ProjectSection(ProjectDependencies) = postProject
		{93BD488F-AE39-4C90-BCD4-B3CABB4FCDF2} = {93BD488F-AE39-4C90-BCD4-B3CABB4FCDF2}
	EndProjectSection
EndProject
Project("{8BC9CEB8-8B4A-11D0-8D11-00A0C91BC942}") = "libv8core", "vcproj\libv8core.vcproj", "{62329A0E-FCC2-47F0-AEEB-3DE8A88E4BEC}"
EndProject
Project("{8BC9CEB8-8B4A-11D0-8D11-00A0C91BC942}") = "no_snapshotv8", "vcproj\no_snapshotv8.vcproj", "{75760F2A-F019-407A-BA6C-01E45BF2B738}"
	ProjectSection(ProjectDependencies) = postProject
		{62329A0E-FCC2-47F0-AEEB-3DE8A88E4BEC} = {62329A0E-FCC2-47F0-AEEB-3DE8A88E4BEC}
	EndProjectSection
EndProject
Global
	GlobalSection(SolutionConfigurationPlatforms) = preSolution
		Debug|Win32 = Debug|Win32
		Release|Win32 = Release|Win32
	EndGlobalSection
	GlobalSection(ProjectConfigurationPlatforms) = postSolution
		{4F0B06B0-29A8-44A2-AD5F-4AAF02D15AD1}.Debug|Win32.ActiveCfg = Debug|Win32
		{4F0B06B0-29A8-44A2-AD5F-4AAF02D15AD1}.Debug|Win32.Build.0 = Debug|Win32
		{4F0B06B0-29A8-44A2-AD5F-4AAF02D15AD1}.Release|Win32.ActiveCfg = Release|Win32
		{4F0B06B0-29A8-44A2-AD5F-4AAF02D15AD1}.Release|Win32.Build.0 = Release|Win32
		{62329A0E-FCC2-47F0-AEEB-3DE8A88E4BEC}.Debug|Win32.ActiveCfg = Debug|Win32
		{62329A0E-FCC2-47F0-AEEB-3DE8A88E4BEC}.Debug|Win32.Build.0 = Debug|Win32
		{62329A0E-FCC2-47F0-AEEB-3DE8A88E4BEC}.Release|Win32.ActiveCfg = Release|Win32
		{62329A0E-FCC2-47F0-AEEB-3DE8A88E4BEC}.Release|Win32.Build.0 = Release|Win32
		{64D1EA28-E2E6-417F-8962-9AA3DE64AAD1}.Debug|Win32.ActiveCfg = Debug|Win32
		{64D1EA28-E2E6-417F-8962-9AA3DE64AAD1}.Debug|Win32.Build.0 = Debug|Win32
		{64D1EA28-E2E6-417F-8962-9AA3DE64AAD1}.Release|Win32.ActiveCfg = Release|Win32
		{64D1EA28-E2E6-417F-8962-9AA3DE64AAD1}.Release|Win32.Build.0 = Release|Win32
		{75760F2A-F019-407A-BA6C-01E45BF2B738}.Debug|Win32.ActiveCfg = Debug|Win32
		{75760F2A-F019-407A-BA6C-01E45BF2B738}.Debug|Win32.Build.0 = Debug|Win32
		{75760F2A-F019-407A-BA6C-01E45BF2B738}.Release|Win32.ActiveCfg = Release|Win32
		{75760F2A-F019-407A-BA6C-01E45BF2B738}.Release|Win32.Build.0 = Release|Win32
		{93BD488F-AE39-4C90-BCD4-B3CABB4FCDF2}.Debug|Win32.ActiveCfg = Debug|Win32
		{93BD488F-AE39-4C90-BCD4-B3CABB4FCDF2}.Debug|Win32.Build.0 = Debug|Win32
		{93BD488F-AE39-4C90-BCD4-B3CABB4FCDF2}.Release|Win32.ActiveCfg = Release|Win32
		{93BD488F-AE39-4C90-BCD4-B3CABB4FCDF2}.Release|Win32.Build.0 = Release|Win32
		{9C73A535-5B05-440F-8F33-D867164E75EF}.Debug|Win32.ActiveCfg = Debug|Win32
		{9C73A535-5B05-440F-8F33-D867164E75EF}.Debug|Win32.Build.0 = Debug|Win32
		{9C73A535-5B05-440F-8F33-D867164E75EF}.Release|Win32.ActiveCfg = Release|Win32
		{9C73A535-5B05-440F-8F33-D867164E75EF}.Release|Win32.Build.0 = Release|Win32
	EndGlobalSection
	GlobalSection(SolutionProperties) = preSolution
		HideSolutionNode = FALSE
	EndGlobalSection
	GlobalSection(NestedProjects) = preSolution
		{9C73A535-5B05-440F-8F33-D867164E75EF} = {84C8D92F-B50C-4098-859B-64A0B502996E}
	EndGlobalSection
EndGlobal
